{
  "version": 4,
  "terraform_version": "1.9.8",
  "serial": 2,
  "lineage": "c9422add-f12c-10b6-9293-214fc4a05e76",
  "outputs": {
    "kubernetes_cluster_name": {
      "value": "flask-gke-cluster",
      "type": "string"
    }
  },
  "resources": [
    {
      "mode": "managed",
      "type": "google_container_cluster",
      "name": "primary",
      "provider": "provider[\"registry.terraform.io/hashicorp/google\"]",
      "instances": [
        {
          "schema_version": 2,
          "attributes": {
            "addons_config": [
              {
                "cloudrun_config": [],
                "config_connector_config": [],
                "dns_cache_config": [],
                "gce_persistent_disk_csi_driver_config": [
                  {
                    "enabled": true
                  }
                ],
                "gcp_filestore_csi_driver_config": [],
                "gcs_fuse_csi_driver_config": [],
                "gke_backup_agent_config": [],
                "horizontal_pod_autoscaling": [],
                "http_load_balancing": [],
                "network_policy_config": [
                  {
                    "disabled": true
                  }
                ],
                "ray_operator_config": [],
                "stateful_ha_config": []
              }
            ],
            "allow_net_admin": null,
            "authenticator_groups_config": [],
            "binary_authorization": [
              {
                "enabled": false,
                "evaluation_mode": ""
              }
            ],
            "cluster_autoscaling": [
              {
                "auto_provisioning_defaults": [],
                "auto_provisioning_locations": [],
                "autoscaling_profile": "BALANCED",
                "enabled": false,
                "resource_limits": []
              }
            ],
            "cluster_ipv4_cidr": "10.84.0.0/14",
            "confidential_nodes": [],
            "cost_management_config": [],
            "database_encryption": [
              {
                "key_name": "",
                "state": "DECRYPTED"
              }
            ],
            "datapath_provider": "",
            "default_max_pods_per_node": 110,
            "default_snat_status": [
              {
                "disabled": false
              }
            ],
            "deletion_protection": true,
            "description": "",
            "dns_config": [],
            "effective_labels": {
              "goog-terraform-provisioned": "true"
            },
            "enable_autopilot": false,
            "enable_cilium_clusterwide_network_policy": false,
            "enable_intranode_visibility": false,
            "enable_k8s_beta_apis": [],
            "enable_kubernetes_alpha": false,
            "enable_l4_ilb_subsetting": false,
            "enable_legacy_abac": false,
            "enable_multi_networking": false,
            "enable_shielded_nodes": true,
            "enable_tpu": false,
            "endpoint": "104.198.218.222",
            "fleet": [],
            "gateway_api_config": [],
            "id": "projects/cloud-native-ecommerce-jfields/locations/us-central1/clusters/flask-gke-cluster",
            "identity_service_config": [],
            "initial_node_count": 1,
            "ip_allocation_policy": [
              {
                "additional_pod_ranges_config": [],
                "cluster_ipv4_cidr_block": "10.84.0.0/14",
                "cluster_secondary_range_name": "gke-flask-gke-cluster-pods-27e6862d",
                "pod_cidr_overprovision_config": [
                  {
                    "disabled": false
                  }
                ],
                "services_ipv4_cidr_block": "34.118.224.0/20",
                "services_secondary_range_name": "",
                "stack_type": "IPV4"
              }
            ],
            "label_fingerprint": "78cdf2f6",
            "location": "us-central1",
            "logging_config": [
              {
                "enable_components": [
                  "SYSTEM_COMPONENTS",
                  "WORKLOADS"
                ]
              }
            ],
            "logging_service": "logging.googleapis.com/kubernetes",
            "maintenance_policy": [],
            "master_auth": [
              {
                "client_certificate": "",
                "client_certificate_config": [
                  {
                    "issue_client_certificate": false
                  }
                ],
                "client_key": "",
                "cluster_ca_certificate": "LS0tLS1CRUdJTiBDRVJUSUZJQ0FURS0tLS0tCk1JSUVMRENDQXBTZ0F3SUJBZ0lRZTJZUm11QVZNWGtEY1MzcXdmbXhoakFOQmdrcWhraUc5dzBCQVFzRkFEQXYKTVMwd0t3WURWUVFERXlRM01XVXlNekZoTnkwME9UTTNMVFJoTkRRdFltVXlOeTB3TVRnd00yRTVZemsxT1RJdwpJQmNOTWpReE1URXdNVGMwTlRFeFdoZ1BNakExTkRFeE1ETXhPRFExTVRGYU1DOHhMVEFyQmdOVkJBTVRKRGN4ClpUSXpNV0UzTFRRNU16Y3ROR0UwTkMxaVpUSTNMVEF4T0RBellUbGpPVFU1TWpDQ0FhSXdEUVlKS29aSWh2Y04KQVFFQkJRQURnZ0dQQURDQ0FZb0NnZ0dCQU1kOWJQUmJwdUI4QVo4cmhrZUxTQXB5a2VMYlphZGpTY0t2Wnk2MApJZzRrWE5Ka0FTQ2xublkwY0s3SndFMVVoc0RxRVg1S1pIR1RES1hYYUZEZlBaNzVFTUc0NHVMMXhmZHJtVGVTCm1MN1pzc2Y1QUJ2Y3QrMGRqdllYN2pOVzMyNVZsaGJuSG9HY1p6UDl6VlZGRTZxMVFyNEFYOWdZTnZoZVJkUmMKTmhwTWtIZzZOM2czZXk5cVNHbWowWWE0dU9rVVY3Sk9GVlRuKytYNnhaTUlGZUIyT3JXUUFLcCsvZ3hIMGwzTQpOTFNrSWVUNlVhZWM4K0ZWUzVGdEhBNTEvRlF3MVQ3MWF3WTBtS0FSbGlIck4xckRtdUsxSnA4QU1vMmlLR01CCnZMak5GUXZ3OTN6SkdqUE9WWXJ1UzVvUUhacFU5SnFNaC9vSW1qNkdLWkIwMVRoVlcxcWY3Q3JEZ0pjUExCY0cKYmF2WUVTV0wweVFsU1dQU0wxN2tEb3BtdWJBc2NaSFcwSFVNa25WeURra3lnSUh1eHdHd25aRTdoNHZRMFBVRApLNHVjRUhyQm13clRyK1Ixa3JHUjdPaWszMkRkS0l0dDZlbnlpbVNpbllHMXFab3lxbTdvZFpsVEo2RXJPMlVaCjBzbFREZGZxWDZ2MnFNM2dPRlFIYk9ZVWlRSURBUUFCbzBJd1FEQU9CZ05WSFE4QkFmOEVCQU1DQWdRd0R3WUQKVlIwVEFRSC9CQVV3QXdFQi96QWRCZ05WSFE0RUZnUVVFdzU5aVliYW83OUErODkwSk9uQUJRNldQTVl3RFFZSgpLb1pJaHZjTkFRRUxCUUFEZ2dHQkFMQlZOTG8wWVVWTk1hUXpQUlRHN092YmZtRFBwa1RveVgyYVg0NlR0ajROCkNQMWZZbU1QSEo5TzRDTmVQWlNvMTJDZzVPcVFZWUk1d3JMRVFzMnk0aWQybG9rQjVWSm5PTmtJSk5zbExzSEkKVU5nQlpWbi9sakxSQXN4MjI1Ylk4eE9lMmc4VktYMmxwOHVrcitmd1VzOU5lUlVuL2pSNUhadWZoc3pueEFiMApXVDdrbkxSbDJaZUVlRnRhekpRTHZtV2VDZGovenMveVFFUGZ5cFdQM1VGTTRCMjJJcDVpRi8zelZRUmpENVhXClBiQ3JOMUJVbDRrZHZJeS9MeXBTd0VzcmRFb01oMEw1LzNEeXJFQWRhTllYaXZvdEZvTmNJMjJBRGFwbmxBMXIKeGgyWSt1K1FGK1RkZUV3NG9NRTU3UkRYRE5NNmR0ay80dDhvNGZnWFdJdUZUN1NZR1hXNGR2NHdqMHNzaU5yUApDbnZrZFhEWVhOZ1JZTTNEaWlLSUxtK0pXUXN6eW1lVktodFpXMVZMYVZDeHJrdGRoVXBPbWp6RVFIQ3dVc005CkNRd2VhZFJ4dkg1ZXF5ODltQmV6TDVHR1BzbUhVOXBxNlFOMVlCRGxMMTk1YndXekRTSmhaaEdmVGt0VWlhenQKQXJ5cXBxVHU0WHM0VmhHUTI1aVNLdz09Ci0tLS0tRU5EIENFUlRJRklDQVRFLS0tLS0K"
              }
            ],
            "master_authorized_networks_config": [],
            "master_version": "1.30.5-gke.1443001",
            "mesh_certificates": [],
            "min_master_version": null,
            "monitoring_config": [
              {
                "advanced_datapath_observability_config": [
                  {
                    "enable_metrics": false,
                    "enable_relay": false
                  }
                ],
                "enable_components": [
                  "SYSTEM_COMPONENTS",
                  "STORAGE",
                  "HPA",
                  "POD",
                  "DAEMONSET",
                  "DEPLOYMENT",
                  "STATEFULSET",
                  "CADVISOR",
                  "KUBELET"
                ],
                "managed_prometheus": [
                  {
                    "enabled": true
                  }
                ]
              }
            ],
            "monitoring_service": "monitoring.googleapis.com/kubernetes",
            "name": "flask-gke-cluster",
            "network": "projects/cloud-native-ecommerce-jfields/global/networks/default",
            "network_policy": [
              {
                "enabled": false,
                "provider": "PROVIDER_UNSPECIFIED"
              }
            ],
            "networking_mode": "VPC_NATIVE",
            "node_config": [
              {
                "advanced_machine_features": [],
                "boot_disk_kms_key": "",
                "confidential_nodes": [],
                "containerd_config": [],
                "disk_size_gb": 10,
                "disk_type": "pd-standard",
                "effective_taints": [],
                "enable_confidential_storage": false,
                "ephemeral_storage_local_ssd_config": [],
                "fast_socket": [],
                "gcfs_config": [],
                "guest_accelerator": [],
                "gvnic": [],
                "host_maintenance_policy": [],
                "image_type": "COS_CONTAINERD",
                "kubelet_config": [],
                "labels": {},
                "linux_node_config": [],
                "local_nvme_ssd_block_config": [],
                "local_ssd_count": 0,
                "logging_variant": "DEFAULT",
                "machine_type": "e2-medium",
                "metadata": {
                  "disable-legacy-endpoints": "true"
                },
                "min_cpu_platform": "",
                "node_group": "",
                "oauth_scopes": [
                  "https://www.googleapis.com/auth/devstorage.read_only",
                  "https://www.googleapis.com/auth/logging.write",
                  "https://www.googleapis.com/auth/monitoring",
                  "https://www.googleapis.com/auth/service.management.readonly",
                  "https://www.googleapis.com/auth/servicecontrol",
                  "https://www.googleapis.com/auth/trace.append"
                ],
                "preemptible": false,
                "reservation_affinity": [],
                "resource_labels": {},
                "resource_manager_tags": {},
                "secondary_boot_disks": [],
                "service_account": "default",
                "shielded_instance_config": [
                  {
                    "enable_integrity_monitoring": true,
                    "enable_secure_boot": false
                  }
                ],
                "sole_tenant_config": [],
                "spot": false,
                "storage_pools": [],
                "tags": [],
                "taint": [],
                "workload_metadata_config": []
              }
            ],
            "node_locations": [
              "us-central1-b",
              "us-central1-c",
              "us-central1-f"
            ],
            "node_pool": [
              {
                "autoscaling": [],
                "initial_node_count": 1,
                "instance_group_urls": [
                  "https://www.googleapis.com/compute/v1/projects/cloud-native-ecommerce-jfields/zones/us-central1-f/instanceGroupManagers/gke-flask-gke-cluster-default-pool-6f5c3eaf-grp",
                  "https://www.googleapis.com/compute/v1/projects/cloud-native-ecommerce-jfields/zones/us-central1-c/instanceGroupManagers/gke-flask-gke-cluster-default-pool-11c06910-grp",
                  "https://www.googleapis.com/compute/v1/projects/cloud-native-ecommerce-jfields/zones/us-central1-b/instanceGroupManagers/gke-flask-gke-cluster-default-pool-3b032d78-grp"
                ],
                "managed_instance_group_urls": [
                  "https://www.googleapis.com/compute/v1/projects/cloud-native-ecommerce-jfields/zones/us-central1-f/instanceGroups/gke-flask-gke-cluster-default-pool-6f5c3eaf-grp",
                  "https://www.googleapis.com/compute/v1/projects/cloud-native-ecommerce-jfields/zones/us-central1-c/instanceGroups/gke-flask-gke-cluster-default-pool-11c06910-grp",
                  "https://www.googleapis.com/compute/v1/projects/cloud-native-ecommerce-jfields/zones/us-central1-b/instanceGroups/gke-flask-gke-cluster-default-pool-3b032d78-grp"
                ],
                "management": [
                  {
                    "auto_repair": true,
                    "auto_upgrade": true
                  }
                ],
                "max_pods_per_node": 110,
                "name": "default-pool",
                "name_prefix": "",
                "network_config": [
                  {
                    "additional_node_network_configs": [],
                    "additional_pod_network_configs": [],
                    "create_pod_range": false,
                    "enable_private_nodes": false,
                    "network_performance_config": [],
                    "pod_cidr_overprovision_config": [],
                    "pod_ipv4_cidr_block": "10.84.0.0/14",
                    "pod_range": "gke-flask-gke-cluster-pods-27e6862d"
                  }
                ],
                "node_config": [
                  {
                    "advanced_machine_features": [],
                    "boot_disk_kms_key": "",
                    "confidential_nodes": [],
                    "containerd_config": [],
                    "disk_size_gb": 10,
                    "disk_type": "pd-standard",
                    "effective_taints": [],
                    "enable_confidential_storage": false,
                    "ephemeral_storage_local_ssd_config": [],
                    "fast_socket": [],
                    "gcfs_config": [],
                    "guest_accelerator": [],
                    "gvnic": [],
                    "host_maintenance_policy": [],
                    "image_type": "COS_CONTAINERD",
                    "kubelet_config": [],
                    "labels": {},
                    "linux_node_config": [],
                    "local_nvme_ssd_block_config": [],
                    "local_ssd_count": 0,
                    "logging_variant": "DEFAULT",
                    "machine_type": "e2-medium",
                    "metadata": {
                      "disable-legacy-endpoints": "true"
                    },
                    "min_cpu_platform": "",
                    "node_group": "",
                    "oauth_scopes": [
                      "https://www.googleapis.com/auth/devstorage.read_only",
                      "https://www.googleapis.com/auth/logging.write",
                      "https://www.googleapis.com/auth/monitoring",
                      "https://www.googleapis.com/auth/service.management.readonly",
                      "https://www.googleapis.com/auth/servicecontrol",
                      "https://www.googleapis.com/auth/trace.append"
                    ],
                    "preemptible": false,
                    "reservation_affinity": [],
                    "resource_labels": {},
                    "resource_manager_tags": {},
                    "secondary_boot_disks": [],
                    "service_account": "default",
                    "shielded_instance_config": [
                      {
                        "enable_integrity_monitoring": true,
                        "enable_secure_boot": false
                      }
                    ],
                    "sole_tenant_config": [],
                    "spot": false,
                    "storage_pools": [],
                    "tags": [],
                    "taint": [],
                    "workload_metadata_config": []
                  }
                ],
                "node_count": 1,
                "node_locations": [
                  "us-central1-b",
                  "us-central1-c",
                  "us-central1-f"
                ],
                "placement_policy": [],
                "queued_provisioning": [],
                "upgrade_settings": [
                  {
                    "blue_green_settings": [],
                    "max_surge": 1,
                    "max_unavailable": 0,
                    "strategy": "SURGE"
                  }
                ],
                "version": "1.30.5-gke.1443001"
              }
            ],
            "node_pool_auto_config": [],
            "node_pool_defaults": [
              {
                "node_config_defaults": [
                  {
                    "containerd_config": [],
                    "gcfs_config": [],
                    "insecure_kubelet_readonly_port_enabled": "FALSE",
                    "logging_variant": "DEFAULT"
                  }
                ]
              }
            ],
            "node_version": "1.30.5-gke.1443001",
            "notification_config": [
              {
                "pubsub": [
                  {
                    "enabled": false,
                    "filter": [],
                    "topic": ""
                  }
                ]
              }
            ],
            "operation": null,
            "private_cluster_config": [
              {
                "enable_private_endpoint": false,
                "enable_private_nodes": false,
                "master_global_access_config": [
                  {
                    "enabled": false
                  }
                ],
                "master_ipv4_cidr_block": "",
                "peering_name": "",
                "private_endpoint": "10.128.0.2",
                "private_endpoint_subnetwork": "",
                "public_endpoint": "104.198.218.222"
              }
            ],
            "private_ipv6_google_access": "",
            "project": "cloud-native-ecommerce-jfields",
            "release_channel": [
              {
                "channel": "REGULAR"
              }
            ],
            "remove_default_node_pool": null,
            "resource_labels": {},
            "resource_usage_export_config": [],
            "secret_manager_config": [
              {
                "enabled": false
              }
            ],
            "security_posture_config": [
              {
                "mode": "BASIC",
                "vulnerability_mode": "VULNERABILITY_MODE_UNSPECIFIED"
              }
            ],
            "self_link": "https://container.googleapis.com/v1/projects/cloud-native-ecommerce-jfields/locations/us-central1/clusters/flask-gke-cluster",
            "service_external_ips_config": [
              {
                "enabled": false
              }
            ],
            "services_ipv4_cidr": "34.118.224.0/20",
            "subnetwork": "projects/cloud-native-ecommerce-jfields/regions/us-central1/subnetworks/default",
            "terraform_labels": {},
            "timeouts": null,
            "tpu_ipv4_cidr_block": "",
            "vertical_pod_autoscaling": [],
            "workload_identity_config": []
          },
          "sensitive_attributes": [
            [
              {
                "type": "get_attr",
                "value": "master_auth"
              },
              {
                "type": "index",
                "value": {
                  "value": 0,
                  "type": "number"
                }
              },
              {
                "type": "get_attr",
                "value": "client_key"
              }
            ]
          ],
          "private": "eyJlMmJmYjczMC1lY2FhLTExZTYtOGY4OC0zNDM2M2JjN2M0YzAiOnsiY3JlYXRlIjoyNDAwMDAwMDAwMDAwLCJkZWxldGUiOjI0MDAwMDAwMDAwMDAsInJlYWQiOjI0MDAwMDAwMDAwMDAsInVwZGF0ZSI6MzYwMDAwMDAwMDAwMH0sInNjaGVtYV92ZXJzaW9uIjoiMiJ9"
        }
      ]
    }
  ],
  "check_results": null
}
